
Microsoft Visual Studio Solution File, Format Version 12.00
# Visual Studio Version 16
VisualStudioVersion = 16.0.31321.278
MinimumVisualStudioVersion = 10.0.40219.1
Project("{FAE04EC0-301F-11D3-BF4B-00C04F79EFBC}") = "Api.Popis2020", "Api.Popis2020\Api.Popis2020.csproj", "{C45EB257-9564-4CF0-B519-7EA3CD511C2E}"
EndProject
Project("{FAE04EC0-301F-11D3-BF4B-00C04F79EFBC}") = "Model", "Model\Model.csproj", "{DD591C15-7010-4EC4-ACEE-233926E08CEC}"
EndProject
Project("{FAE04EC0-301F-11D3-BF4B-00C04F79EFBC}") = "Application", "Application\Application.csproj", "{698C254F-1B7F-4715-8960-6701564D012F}"
EndProject
Project("{FAE04EC0-301F-11D3-BF4B-00C04F79EFBC}") = "SQLDatabase", "SQLDatabase\SQLDatabase.csproj", "{A7EF4FBD-43BB-4035-82D0-C3EA6911F2BE}"
EndProject
Global
	GlobalSection(SolutionConfigurationPlatforms) = preSolution
		Debug|Any CPU = Debug|Any CPU
		Release|Any CPU = Release|Any CPU
	EndGlobalSection
	GlobalSection(ProjectConfigurationPlatforms) = postSolution
		{C45EB257-9564-4CF0-B519-7EA3CD511C2E}.Debug|Any CPU.ActiveCfg = Debug|Any CPU
		{C45EB257-9564-4CF0-B519-7EA3CD511C2E}.Debug|Any CPU.Build.0 = Debug|Any CPU
		{C45EB257-9564-4CF0-B519-7EA3CD511C2E}.Release|Any CPU.ActiveCfg = Release|Any CPU
		{C45EB257-9564-4CF0-B519-7EA3CD511C2E}.Release|Any CPU.Build.0 = Release|Any CPU
		{DD591C15-7010-4EC4-ACEE-233926E08CEC}.Debug|Any CPU.ActiveCfg = Debug|Any CPU
		{DD591C15-7010-4EC4-ACEE-233926E08CEC}.Debug|Any CPU.Build.0 = Debug|Any CPU
		{DD591C15-7010-4EC4-ACEE-233926E08CEC}.Release|Any CPU.ActiveCfg = Release|Any CPU
		{DD591C15-7010-4EC4-ACEE-233926E08CEC}.Release|Any CPU.Build.0 = Release|Any CPU
		{698C254F-1B7F-4715-8960-6701564D012F}.Debug|Any CPU.ActiveCfg = Debug|Any CPU
		{698C254F-1B7F-4715-8960-6701564D012F}.Debug|Any CPU.Build.0 = Debug|Any CPU
		{698C254F-1B7F-4715-8960-6701564D012F}.Release|Any CPU.ActiveCfg = Release|Any CPU
		{698C254F-1B7F-4715-8960-6701564D012F}.Release|Any CPU.Build.0 = Release|Any CPU
		{A7EF4FBD-43BB-4035-82D0-C3EA6911F2BE}.Debug|Any CPU.ActiveCfg = Debug|Any CPU
		{A7EF4FBD-43BB-4035-82D0-C3EA6911F2BE}.Debug|Any CPU.Build.0 = Debug|Any CPU
		{A7EF4FBD-43BB-4035-82D0-C3EA6911F2BE}.Release|Any CPU.ActiveCfg = Release|Any CPU
		{A7EF4FBD-43BB-4035-82D0-C3EA6911F2BE}.Release|Any CPU.Build.0 = Release|Any CPU
	EndGlobalSection
	GlobalSection(SolutionProperties) = preSolution
		HideSolutionNode = FALSE
	EndGlobalSection
	GlobalSection(ExtensibilityGlobals) = postSolution
		SolutionGuid = {D45E85A9-F231-439D-B98B-EE255728B8E4}
	EndGlobalSection
EndGlobal
